
Microsoft Visual Studio Solution File, Format Version 12.00
# Visual Studio 14
VisualStudioVersion = 14.0.25420.1
MinimumVisualStudioVersion = 10.0.40219.1
Project("{FAE04EC0-301F-11D3-BF4B-00C04F79EFBC}") = "369Cards_Enum", "369Cards_Enum\369Cards_Enum.csproj", "{8364E814-A4EB-4A01-A5ED-5EE556E2B248}"
EndProject
Global
	GlobalSection(SolutionConfigurationPlatforms) = preSolution
		Debug|Any CPU = Debug|Any CPU
		Release|Any CPU = Release|Any CPU
	EndGlobalSection
	GlobalSection(ProjectConfigurationPlatforms) = postSolution
		{8364E814-A4EB-4A01-A5ED-5EE556E2B248}.Debug|Any CPU.ActiveCfg = Debug|Any CPU
		{8364E814-A4EB-4A01-A5ED-5EE556E2B248}.Debug|Any CPU.Build.0 = Debug|Any CPU
		{8364E814-A4EB-4A01-A5ED-5EE556E2B248}.Release|Any CPU.ActiveCfg = Release|Any CPU
		{8364E814-A4EB-4A01-A5ED-5EE556E2B248}.Release|Any CPU.Build.0 = Release|Any CPU
	EndGlobalSection
	GlobalSection(SolutionProperties) = preSolution
		HideSolutionNode = FALSE
	EndGlobalSection
EndGlobal
