
Microsoft Visual Studio Solution File, Format Version 12.00
# Visual Studio 14
VisualStudioVersion = 14.0.25420.1
MinimumVisualStudioVersion = 10.0.40219.1
Project("{FAE04EC0-301F-11D3-BF4B-00C04F79EFBC}") = "346Birds_polymorphism", "346Birds_polymorphism\346Birds_polymorphism.csproj", "{8A71275C-8AFF-4EFA-9E56-0EBFCC779DAB}"
EndProject
Global
	GlobalSection(SolutionConfigurationPlatforms) = preSolution
		Debug|Any CPU = Debug|Any CPU
		Release|Any CPU = Release|Any CPU
	EndGlobalSection
	GlobalSection(ProjectConfigurationPlatforms) = postSolution
		{8A71275C-8AFF-4EFA-9E56-0EBFCC779DAB}.Debug|Any CPU.ActiveCfg = Debug|Any CPU
		{8A71275C-8AFF-4EFA-9E56-0EBFCC779DAB}.Debug|Any CPU.Build.0 = Debug|Any CPU
		{8A71275C-8AFF-4EFA-9E56-0EBFCC779DAB}.Release|Any CPU.ActiveCfg = Release|Any CPU
		{8A71275C-8AFF-4EFA-9E56-0EBFCC779DAB}.Release|Any CPU.Build.0 = Release|Any CPU
	EndGlobalSection
	GlobalSection(SolutionProperties) = preSolution
		HideSolutionNode = FALSE
	EndGlobalSection
EndGlobal
